
Microsoft Visual Studio Solution File, Format Version 12.00
# Visual Studio for Mac
Project("{FAE04EC0-301F-11D3-BF4B-00C04F79EFBC}") = "Assembly-CSharp-firstpass", "Assembly-CSharp-firstpass.csproj", "{3C54B8C0-52B1-681B-B902-E2AC0E10DE10}"
EndProject
Project("{FAE04EC0-301F-11D3-BF4B-00C04F79EFBC}") = "Assembly-CSharp", "Assembly-CSharp.csproj", "{38B52F9F-FDF9-4D7A-8883-7933FFF07180}"
EndProject
Project("{FAE04EC0-301F-11D3-BF4B-00C04F79EFBC}") = "Assembly-CSharp-Editor-firstpass", "Assembly-CSharp-Editor-firstpass.csproj", "{F89C2FBD-2115-10E7-2CD7-8FF99CA92DAC}"
EndProject
Global
	GlobalSection(SolutionConfigurationPlatforms) = preSolution
		Debug|Any CPU = Debug|Any CPU
		Release|Any CPU = Release|Any CPU
	EndGlobalSection
	GlobalSection(ProjectConfigurationPlatforms) = postSolution
		{3C54B8C0-52B1-681B-B902-E2AC0E10DE10}.Debug|Any CPU.ActiveCfg = Debug|Any CPU
		{3C54B8C0-52B1-681B-B902-E2AC0E10DE10}.Debug|Any CPU.Build.0 = Debug|Any CPU
		{3C54B8C0-52B1-681B-B902-E2AC0E10DE10}.Release|Any CPU.ActiveCfg = Release|Any CPU
		{3C54B8C0-52B1-681B-B902-E2AC0E10DE10}.Release|Any CPU.Build.0 = Release|Any CPU
		{38B52F9F-FDF9-4D7A-8883-7933FFF07180}.Debug|Any CPU.ActiveCfg = Debug|Any CPU
		{38B52F9F-FDF9-4D7A-8883-7933FFF07180}.Debug|Any CPU.Build.0 = Debug|Any CPU
		{38B52F9F-FDF9-4D7A-8883-7933FFF07180}.Release|Any CPU.ActiveCfg = Release|Any CPU
		{38B52F9F-FDF9-4D7A-8883-7933FFF07180}.Release|Any CPU.Build.0 = Release|Any CPU
		{F89C2FBD-2115-10E7-2CD7-8FF99CA92DAC}.Debug|Any CPU.ActiveCfg = Debug|Any CPU
		{F89C2FBD-2115-10E7-2CD7-8FF99CA92DAC}.Debug|Any CPU.Build.0 = Debug|Any CPU
		{F89C2FBD-2115-10E7-2CD7-8FF99CA92DAC}.Release|Any CPU.ActiveCfg = Release|Any CPU
		{F89C2FBD-2115-10E7-2CD7-8FF99CA92DAC}.Release|Any CPU.Build.0 = Release|Any CPU
	EndGlobalSection
	GlobalSection(SolutionProperties) = preSolution
		HideSolutionNode = FALSE
	EndGlobalSection
EndGlobal
